
Microsoft Visual Studio Solution File, Format Version 12.00
# Visual Studio 2015
Project("{FAE04EC0-301F-11D3-BF4B-00C04F79EFBC}") = "My Land Not Your Land.CSharp.Plugins", "My Land Not Your Land.CSharp.Plugins.csproj", "{B8EB6260-1306-C6B6-4F0F-62AFBD7134AB}"
EndProject
Project("{FAE04EC0-301F-11D3-BF4B-00C04F79EFBC}") = "My Land Not Your Land.CSharp", "My Land Not Your Land.CSharp.csproj", "{C4C63240-A5EB-7EC3-19E9-17FD36EEF7C2}"
EndProject
Global
	GlobalSection(SolutionConfigurationPlatforms) = preSolution
		Debug|Any CPU = Debug|Any CPU
		Release|Any CPU = Release|Any CPU
	EndGlobalSection
	GlobalSection(ProjectConfigurationPlatforms) = postSolution
		{B8EB6260-1306-C6B6-4F0F-62AFBD7134AB}.Debug|Any CPU.ActiveCfg = Debug|Any CPU
		{B8EB6260-1306-C6B6-4F0F-62AFBD7134AB}.Debug|Any CPU.Build.0 = Debug|Any CPU
		{B8EB6260-1306-C6B6-4F0F-62AFBD7134AB}.Release|Any CPU.ActiveCfg = Release|Any CPU
		{B8EB6260-1306-C6B6-4F0F-62AFBD7134AB}.Release|Any CPU.Build.0 = Release|Any CPU
		{C4C63240-A5EB-7EC3-19E9-17FD36EEF7C2}.Debug|Any CPU.ActiveCfg = Debug|Any CPU
		{C4C63240-A5EB-7EC3-19E9-17FD36EEF7C2}.Debug|Any CPU.Build.0 = Debug|Any CPU
		{C4C63240-A5EB-7EC3-19E9-17FD36EEF7C2}.Release|Any CPU.ActiveCfg = Release|Any CPU
		{C4C63240-A5EB-7EC3-19E9-17FD36EEF7C2}.Release|Any CPU.Build.0 = Release|Any CPU
	EndGlobalSection
	GlobalSection(SolutionProperties) = preSolution
		HideSolutionNode = FALSE
	EndGlobalSection
EndGlobal
